{
  "version": 4,
  "terraform_version": "1.5.0",
  "serial": 31,
  "lineage": "a2b1ae5f-c9b2-0937-5582-6de41657cdb5",
  "outputs": {
    "kubernetes_cluster_host": {
      "value": "35.226.221.180",
      "type": "string"
    },
    "kubernetes_cluster_name": {
      "value": "cluster-1",
      "type": "string"
    },
    "project_id": {
      "value": "unique-provider-389800",
      "type": "string"
    },
    "region": {
      "value": "us-central1",
      "type": "string"
    }
  },
  "resources": [
    {
      "mode": "managed",
      "type": "google_compute_network",
      "name": "vpc",
      "provider": "provider[\"registry.terraform.io/hashicorp/google\"]",
      "instances": [
        {
          "schema_version": 0,
          "attributes": {
            "auto_create_subnetworks": false,
            "delete_default_routes_on_create": false,
            "description": "",
            "enable_ula_internal_ipv6": false,
            "gateway_ipv4": "",
            "id": "projects/unique-provider-389800/global/networks/unique-provider-389800-1-vpc",
            "internal_ipv6_range": "",
            "mtu": 0,
            "name": "unique-provider-389800-1-vpc",
            "project": "unique-provider-389800",
            "routing_mode": "REGIONAL",
            "self_link": "https://www.googleapis.com/compute/v1/projects/unique-provider-389800/global/networks/unique-provider-389800-1-vpc",
            "timeouts": null
          },
          "sensitive_attributes": [],
          "private": "eyJlMmJmYjczMC1lY2FhLTExZTYtOGY4OC0zNDM2M2JjN2M0YzAiOnsiY3JlYXRlIjoxMjAwMDAwMDAwMDAwLCJkZWxldGUiOjEyMDAwMDAwMDAwMDAsInVwZGF0ZSI6MTIwMDAwMDAwMDAwMH19"
        }
      ]
    },
    {
      "mode": "managed",
      "type": "google_compute_subnetwork",
      "name": "subnet",
      "provider": "provider[\"registry.terraform.io/hashicorp/google\"]",
      "instances": [
        {
          "schema_version": 0,
          "attributes": {
            "creation_timestamp": "2023-06-16T19:19:38.108-07:00",
            "description": "",
            "external_ipv6_prefix": "",
            "fingerprint": null,
            "gateway_address": "10.10.0.1",
            "id": "projects/unique-provider-389800/regions/us-central1/subnetworks/unique-provider-389800-1-subnet",
            "ip_cidr_range": "10.10.0.0/24",
            "ipv6_access_type": "",
            "ipv6_cidr_range": "",
            "log_config": [],
            "name": "unique-provider-389800-1-subnet",
            "network": "https://www.googleapis.com/compute/v1/projects/unique-provider-389800/global/networks/unique-provider-389800-1-vpc",
            "private_ip_google_access": false,
            "private_ipv6_google_access": "DISABLE_GOOGLE_ACCESS",
            "project": "unique-provider-389800",
            "purpose": "PRIVATE",
            "region": "us-central1",
            "role": "",
            "secondary_ip_range": [],
            "self_link": "https://www.googleapis.com/compute/v1/projects/unique-provider-389800/regions/us-central1/subnetworks/unique-provider-389800-1-subnet",
            "stack_type": "IPV4_ONLY",
            "timeouts": null
          },
          "sensitive_attributes": [],
          "private": "eyJlMmJmYjczMC1lY2FhLTExZTYtOGY4OC0zNDM2M2JjN2M0YzAiOnsiY3JlYXRlIjoxMjAwMDAwMDAwMDAwLCJkZWxldGUiOjEyMDAwMDAwMDAwMDAsInVwZGF0ZSI6MTIwMDAwMDAwMDAwMH19",
          "dependencies": [
            "google_compute_network.vpc"
          ]
        }
      ]
    },
    {
      "mode": "managed",
      "type": "google_container_cluster",
      "name": "primary",
      "provider": "provider[\"registry.terraform.io/hashicorp/google\"]",
      "instances": [
        {
          "schema_version": 1,
          "attributes": {
            "addons_config": [
              {
                "cloudrun_config": [],
                "gcp_filestore_csi_driver_config": [],
                "horizontal_pod_autoscaling": [],
                "http_load_balancing": [],
                "network_policy_config": [
                  {
                    "disabled": true
                  }
                ]
              }
            ],
            "authenticator_groups_config": [],
            "cluster_autoscaling": [
              {
                "auto_provisioning_defaults": [],
                "enabled": false,
                "resource_limits": []
              }
            ],
            "cluster_ipv4_cidr": "10.188.0.0/14",
            "confidential_nodes": [],
            "database_encryption": [
              {
                "key_name": "",
                "state": "DECRYPTED"
              }
            ],
            "datapath_provider": "",
            "default_max_pods_per_node": null,
            "default_snat_status": [
              {
                "disabled": false
              }
            ],
            "description": "",
            "dns_config": [],
            "enable_autopilot": false,
            "enable_binary_authorization": false,
            "enable_intranode_visibility": false,
            "enable_kubernetes_alpha": false,
            "enable_legacy_abac": false,
            "enable_shielded_nodes": true,
            "enable_tpu": false,
            "endpoint": "35.226.221.180",
            "id": "projects/unique-provider-389800/locations/us-central1/clusters/cluster-1",
            "initial_node_count": 1,
            "ip_allocation_policy": [],
            "label_fingerprint": "a9dc16a7",
            "location": "us-central1",
            "logging_config": [
              {
                "enable_components": [
                  "SYSTEM_COMPONENTS",
                  "WORKLOADS"
                ]
              }
            ],
            "logging_service": "logging.googleapis.com/kubernetes",
            "maintenance_policy": [],
            "master_auth": [
              {
                "client_certificate": "",
                "client_certificate_config": [
                  {
                    "issue_client_certificate": false
                  }
                ],
                "client_key": "",
                "cluster_ca_certificate": "LS0tLS1CRUdJTiBDRVJUSUZJQ0FURS0tLS0tCk1JSUVMRENDQXBTZ0F3SUJBZ0lRZCt2QVNXNUFUM25rMG9lcDYyNHFQakFOQmdrcWhraUc5dzBCQVFzRkFEQXYKTVMwd0t3WURWUVFERXlSa09HUXlOemc0TnkwMU4ySXpMVFF6WWpjdFltWXlOUzAyTjJFNE56WTFabU0xTVdVdwpJQmNOTWpNd05qRTNNREV5TURBd1doZ1BNakExTXpBMk1Ea3dNakl3TURCYU1DOHhMVEFyQmdOVkJBTVRKR1E0ClpESTNPRGczTFRVM1lqTXRORE5pTnkxaVpqSTFMVFkzWVRnM05qVm1ZelV4WlRDQ0FhSXdEUVlKS29aSWh2Y04KQVFFQkJRQURnZ0dQQURDQ0FZb0NnZ0dCQUtkN3JVd3JwbXVWMmQ4RkJOZ0I1UXdPd0hMRjZZSG1vR29PNFVDZwpSajZqOVFoZGVpcGREcFZwcUt5VGJOZzVMVHFsakE0OWc5YUltNlpnWjQ1NVBvTFpXQ1JnMGxuQWFFbDk1Z1I2CkxTbG0xNDB4dVE5TXc5RUNWL1JSMGVEbHVhQW9XaFQ3d3hpemltSEw2TGE1Rk11MmZMekpUV3YrMnRQS0s3eXEKZ2t2bC9MSjRyZnZ6azBqK2JVVStWK3JGdi9sRm80K0FaMUhXTWoyaURza1FWNThtc3YxV3N1enZnV3NLU2ZITwprMnRlM2NHVis0M25TNWJkWnFNaHJZZWxhbjB1WUZzcHNpK1BZLzVLb0xJM0lrWFowSFdLakdlUCtpTzFtdEVKClExOHMzSGF2WVdzY01GNTJDOUphNU1BZm4xbnNWbFRGczh3MkxHZ1BxcFMxK1QxT2xGWHBPczdPT1lhTjhIM3oKaHAwMHQwc2gwaFFSTHhYek1mSk01TGJZRWU2dzRZY0ZXSVJmT0J4Y29rTmgrTlBnWEtPTzQ5b3lLYXZFMmJaZQpZUEhMOVBtQUpaQndGQTVSSmZCV2R3U1lrSUNCeXl0TFFPZkpYWVlVRzhkUU84MjdSN3NjZExmOHc3TXNUNlp0CjA2cXZHelJqWHM0dWRtdUV3QjVMMTlDZ3NRSURBUUFCbzBJd1FEQU9CZ05WSFE4QkFmOEVCQU1DQWdRd0R3WUQKVlIwVEFRSC9CQVV3QXdFQi96QWRCZ05WSFE0RUZnUVV6MXZqVzVGMHRiS3lYY21ZN2R2UHFkM2hGamd3RFFZSgpLb1pJaHZjTkFRRUxCUUFEZ2dHQkFFMGR0U2hoV2pzQW1wWWJtUDh6RkIxRmpteTV1eldYbGQrQ2Q3bWZpWTgzCnFST3hkcHF1aW5Wa2I1RHZRUmJ4VXI0YzIxTDdUc0ZsSGNnbnZiZ3lvOEVDYktiTkVwb24xUWtLandITGE1eE8KcC82eWN4Z01wZzA2UnJneGp1Um5SS01EaS85WmVkQWJQeHJrVnVUZmRaemoyU0Z0bE9JSDQrdkJXYUR5dldmOApKSXppd2lOdUNWS2ppalNIa01HRVJlRHowSUZiN0FGSVZhQm9EK0NGcENIZG9qdUxuWjB1TnY1eXR1eUtTeTU0CnBxVjFpVkVwa2ZybXhyVXVJQWJSQmxEY0pFL1BmalBYaGgzeDh4ckZQVmtLTUNOOTFvWnZNUzduZThGcFBIejUKTzBjNmc1T0VZcE5ndmtXY01LWDd2eEJ6MnRPWHQzOXBPdVRhdjRDek1RSVJsTk93cHV2aW10OXp5bURCTmpZdgptMnE5SkN2ZEp5ZE4yakRLUzNvSVZiUmtJNTJKdkI3eHY4NjArR1JuSHVReGlaTTBSM0Mrdm42eEVUdjhXRWs3CkxRMVlnY0c5WVRHWFpDczlCZmFYUStOYTg0MkQ3UzBhK1duVkdkR3NKaUlqL29YaGpXT0YxT0pQclNPMTAxOSsKaVQ0N2lyOTdaeENubjFMZ08rRjBHdz09Ci0tLS0tRU5EIENFUlRJRklDQVRFLS0tLS0K"
              }
            ],
            "master_authorized_networks_config": [],
            "master_version": "1.25.8-gke.500",
            "min_master_version": null,
            "monitoring_config": [
              {
                "enable_components": [
                  "SYSTEM_COMPONENTS"
                ]
              }
            ],
            "monitoring_service": "monitoring.googleapis.com/kubernetes",
            "name": "cluster-1",
            "network": "projects/unique-provider-389800/global/networks/unique-provider-389800-1-vpc",
            "network_policy": [
              {
                "enabled": false,
                "provider": "PROVIDER_UNSPECIFIED"
              }
            ],
            "networking_mode": "ROUTES",
            "node_config": [],
            "node_locations": [
              "us-central1-a",
              "us-central1-b",
              "us-central1-c"
            ],
            "node_pool": [],
            "node_version": "1.25.8-gke.500",
            "operation": null,
            "private_cluster_config": [
              {
                "enable_private_endpoint": false,
                "enable_private_nodes": false,
                "master_global_access_config": [
                  {
                    "enabled": false
                  }
                ],
                "master_ipv4_cidr_block": "",
                "peering_name": "",
                "private_endpoint": "10.10.0.2",
                "public_endpoint": "35.226.221.180"
              }
            ],
            "private_ipv6_google_access": "",
            "project": "unique-provider-389800",
            "release_channel": [
              {
                "channel": "REGULAR"
              }
            ],
            "remove_default_node_pool": true,
            "resource_labels": null,
            "resource_usage_export_config": [],
            "self_link": "https://container.googleapis.com/v1/projects/unique-provider-389800/locations/us-central1/clusters/cluster-1",
            "services_ipv4_cidr": "10.191.240.0/20",
            "subnetwork": "projects/unique-provider-389800/regions/us-central1/subnetworks/unique-provider-389800-1-subnet",
            "timeouts": null,
            "tpu_ipv4_cidr_block": "",
            "vertical_pod_autoscaling": [],
            "workload_identity_config": []
          },
          "sensitive_attributes": [],
          "private": "eyJlMmJmYjczMC1lY2FhLTExZTYtOGY4OC0zNDM2M2JjN2M0YzAiOnsiY3JlYXRlIjoyNDAwMDAwMDAwMDAwLCJkZWxldGUiOjI0MDAwMDAwMDAwMDAsInJlYWQiOjI0MDAwMDAwMDAwMDAsInVwZGF0ZSI6MzYwMDAwMDAwMDAwMH0sInNjaGVtYV92ZXJzaW9uIjoiMSJ9",
          "dependencies": [
            "google_compute_network.vpc",
            "google_compute_subnetwork.subnet"
          ]
        }
      ]
    },
    {
      "mode": "managed",
      "type": "google_container_node_pool",
      "name": "primary_nodes",
      "provider": "provider[\"registry.terraform.io/hashicorp/google\"]",
      "instances": [
        {
          "schema_version": 1,
          "attributes": {
            "autoscaling": [],
            "cluster": "cluster-1",
            "id": "projects/unique-provider-389800/locations/us-central1/clusters/cluster-1/nodePools/cluster-1",
            "initial_node_count": 1,
            "instance_group_urls": [
              "https://www.googleapis.com/compute/v1/projects/unique-provider-389800/zones/us-central1-c/instanceGroupManagers/gke-cluster-1-cluster-1-5cc5fa19-grp",
              "https://www.googleapis.com/compute/v1/projects/unique-provider-389800/zones/us-central1-b/instanceGroupManagers/gke-cluster-1-cluster-1-4af72ff7-grp",
              "https://www.googleapis.com/compute/v1/projects/unique-provider-389800/zones/us-central1-a/instanceGroupManagers/gke-cluster-1-cluster-1-a4fb58f6-grp"
            ],
            "location": "us-central1",
            "managed_instance_group_urls": [
              "https://www.googleapis.com/compute/v1/projects/unique-provider-389800/zones/us-central1-c/instanceGroups/gke-cluster-1-cluster-1-5cc5fa19-grp",
              "https://www.googleapis.com/compute/v1/projects/unique-provider-389800/zones/us-central1-b/instanceGroups/gke-cluster-1-cluster-1-4af72ff7-grp",
              "https://www.googleapis.com/compute/v1/projects/unique-provider-389800/zones/us-central1-a/instanceGroups/gke-cluster-1-cluster-1-a4fb58f6-grp"
            ],
            "management": [
              {
                "auto_repair": true,
                "auto_upgrade": true
              }
            ],
            "max_pods_per_node": null,
            "name": "cluster-1",
            "name_prefix": "",
            "node_config": [
              {
                "boot_disk_kms_key": "",
                "disk_size_gb": 100,
                "disk_type": "pd-balanced",
                "gcfs_config": [],
                "guest_accelerator": [],
                "gvnic": [],
                "image_type": "COS_CONTAINERD",
                "labels": {
                  "env": "unique-provider-389800"
                },
                "local_ssd_count": 0,
                "machine_type": "n1-standard-1",
                "metadata": {
                  "disable-legacy-endpoints": "true"
                },
                "min_cpu_platform": "",
                "node_group": "",
                "oauth_scopes": [
                  "https://www.googleapis.com/auth/cloud-platform",
                  "https://www.googleapis.com/auth/devstorage.read_only",
                  "https://www.googleapis.com/auth/logging.write",
                  "https://www.googleapis.com/auth/monitoring"
                ],
                "preemptible": false,
                "service_account": "default",
                "shielded_instance_config": [
                  {
                    "enable_integrity_monitoring": true,
                    "enable_secure_boot": false
                  }
                ],
                "spot": false,
                "tags": [
                  "gke-node",
                  "unique-provider-389800-gke"
                ],
                "taint": [],
                "workload_metadata_config": []
              }
            ],
            "node_count": 1,
            "node_locations": [
              "us-central1-a",
              "us-central1-b",
              "us-central1-c"
            ],
            "operation": null,
            "project": "unique-provider-389800",
            "timeouts": null,
            "upgrade_settings": [
              {
                "max_surge": 1,
                "max_unavailable": 0
              }
            ],
            "version": "1.25.8-gke.500"
          },
          "sensitive_attributes": [],
          "private": "eyJlMmJmYjczMC1lY2FhLTExZTYtOGY4OC0zNDM2M2JjN2M0YzAiOnsiY3JlYXRlIjoxODAwMDAwMDAwMDAwLCJkZWxldGUiOjE4MDAwMDAwMDAwMDAsInVwZGF0ZSI6MTgwMDAwMDAwMDAwMH0sInNjaGVtYV92ZXJzaW9uIjoiMSJ9",
          "dependencies": [
            "google_compute_network.vpc",
            "google_compute_subnetwork.subnet",
            "google_container_cluster.primary"
          ]
        }
      ]
    }
  ],
  "check_results": null
}
