{
  "version": 4,
  "terraform_version": "1.5.0",
  "serial": 33,
  "lineage": "a2b1ae5f-c9b2-0937-5582-6de41657cdb5",
  "outputs": {
    "kubernetes_cluster_host": {
      "value": "35.239.174.228",
      "type": "string"
    },
    "kubernetes_cluster_name": {
      "value": "cluster-1",
      "type": "string"
    },
    "project_id": {
      "value": "unique-provider-389800",
      "type": "string"
    },
    "region": {
      "value": "us-central1",
      "type": "string"
    }
  },
  "resources": [
    {
      "mode": "managed",
      "type": "google_compute_network",
      "name": "vpc",
      "provider": "provider[\"registry.terraform.io/hashicorp/google\"]",
      "instances": [
        {
          "schema_version": 0,
          "attributes": {
            "auto_create_subnetworks": false,
            "delete_default_routes_on_create": false,
            "description": "",
            "enable_ula_internal_ipv6": false,
            "gateway_ipv4": "",
            "id": "projects/unique-provider-389800/global/networks/unique-provider-389800-1-vpc",
            "internal_ipv6_range": "",
            "mtu": 0,
            "name": "unique-provider-389800-1-vpc",
            "project": "unique-provider-389800",
            "routing_mode": "REGIONAL",
            "self_link": "https://www.googleapis.com/compute/v1/projects/unique-provider-389800/global/networks/unique-provider-389800-1-vpc",
            "timeouts": null
          },
          "sensitive_attributes": [],
          "private": "eyJlMmJmYjczMC1lY2FhLTExZTYtOGY4OC0zNDM2M2JjN2M0YzAiOnsiY3JlYXRlIjoxMjAwMDAwMDAwMDAwLCJkZWxldGUiOjEyMDAwMDAwMDAwMDAsInVwZGF0ZSI6MTIwMDAwMDAwMDAwMH19"
        }
      ]
    },
    {
      "mode": "managed",
      "type": "google_compute_subnetwork",
      "name": "subnet",
      "provider": "provider[\"registry.terraform.io/hashicorp/google\"]",
      "instances": [
        {
          "schema_version": 0,
          "attributes": {
            "creation_timestamp": "2023-06-16T19:19:38.108-07:00",
            "description": "",
            "external_ipv6_prefix": "",
            "fingerprint": null,
            "gateway_address": "10.10.0.1",
            "id": "projects/unique-provider-389800/regions/us-central1/subnetworks/unique-provider-389800-1-subnet",
            "ip_cidr_range": "10.10.0.0/24",
            "ipv6_access_type": "",
            "ipv6_cidr_range": "",
            "log_config": [],
            "name": "unique-provider-389800-1-subnet",
            "network": "https://www.googleapis.com/compute/v1/projects/unique-provider-389800/global/networks/unique-provider-389800-1-vpc",
            "private_ip_google_access": false,
            "private_ipv6_google_access": "DISABLE_GOOGLE_ACCESS",
            "project": "unique-provider-389800",
            "purpose": "PRIVATE",
            "region": "us-central1",
            "role": "",
            "secondary_ip_range": [],
            "self_link": "https://www.googleapis.com/compute/v1/projects/unique-provider-389800/regions/us-central1/subnetworks/unique-provider-389800-1-subnet",
            "stack_type": "IPV4_ONLY",
            "timeouts": null
          },
          "sensitive_attributes": [],
          "private": "eyJlMmJmYjczMC1lY2FhLTExZTYtOGY4OC0zNDM2M2JjN2M0YzAiOnsiY3JlYXRlIjoxMjAwMDAwMDAwMDAwLCJkZWxldGUiOjEyMDAwMDAwMDAwMDAsInVwZGF0ZSI6MTIwMDAwMDAwMDAwMH19",
          "dependencies": [
            "google_compute_network.vpc"
          ]
        }
      ]
    },
    {
      "mode": "managed",
      "type": "google_container_cluster",
      "name": "primary",
      "provider": "provider[\"registry.terraform.io/hashicorp/google\"]",
      "instances": [
        {
          "schema_version": 1,
          "attributes": {
            "addons_config": [
              {
                "cloudrun_config": [],
                "gcp_filestore_csi_driver_config": [],
                "horizontal_pod_autoscaling": [],
                "http_load_balancing": [],
                "network_policy_config": [
                  {
                    "disabled": true
                  }
                ]
              }
            ],
            "authenticator_groups_config": [],
            "cluster_autoscaling": [
              {
                "auto_provisioning_defaults": [],
                "enabled": false,
                "resource_limits": []
              }
            ],
            "cluster_ipv4_cidr": "10.188.0.0/14",
            "confidential_nodes": [],
            "database_encryption": [
              {
                "key_name": "",
                "state": "DECRYPTED"
              }
            ],
            "datapath_provider": "",
            "default_max_pods_per_node": null,
            "default_snat_status": [
              {
                "disabled": false
              }
            ],
            "description": "",
            "dns_config": [],
            "enable_autopilot": false,
            "enable_binary_authorization": false,
            "enable_intranode_visibility": false,
            "enable_kubernetes_alpha": false,
            "enable_legacy_abac": false,
            "enable_shielded_nodes": true,
            "enable_tpu": false,
            "endpoint": "35.239.174.228",
            "id": "projects/unique-provider-389800/locations/us-central1/clusters/cluster-1",
            "initial_node_count": 1,
            "ip_allocation_policy": [],
            "label_fingerprint": "a9dc16a7",
            "location": "us-central1",
            "logging_config": [
              {
                "enable_components": [
                  "SYSTEM_COMPONENTS",
                  "WORKLOADS"
                ]
              }
            ],
            "logging_service": "logging.googleapis.com/kubernetes",
            "maintenance_policy": [],
            "master_auth": [
              {
                "client_certificate": "",
                "client_certificate_config": [
                  {
                    "issue_client_certificate": false
                  }
                ],
                "client_key": "",
                "cluster_ca_certificate": "LS0tLS1CRUdJTiBDRVJUSUZJQ0FURS0tLS0tCk1JSUVMRENDQXBTZ0F3SUJBZ0lRRENpRkV1SFdGazRiRVdvRGxLUDJmVEFOQmdrcWhraUc5dzBCQVFzRkFEQXYKTVMwd0t3WURWUVFERXlSallXWTRNVFk1TnkwMU1ESTJMVFEwWkdVdFltUmxPQzA0TlRsbU1qRTJPV1ZrTTJVdwpJQmNOTWpNd05qRTRNVGcxTmpBeFdoZ1BNakExTXpBMk1UQXhPVFUyTURGYU1DOHhMVEFyQmdOVkJBTVRKR05oClpqZ3hOamszTFRVd01qWXRORFJrWlMxaVpHVTRMVGcxT1dZeU1UWTVaV1F6WlRDQ0FhSXdEUVlKS29aSWh2Y04KQVFFQkJRQURnZ0dQQURDQ0FZb0NnZ0dCQU1EODNmaWx4Tk9jdkhDbXkxQ05WK1hlYm1ucnBEN1VNczhuQlYyTAplZGV6V0Y0VkdNSlpLWVRMTUpDNG82ZGw3V2tXNERZSkhGTTl5Z3hCb1BDTjc2RU1KMnQ2aXhFb3JuRkF4cFdhCnREbkVNLzE0eU9jZElSYWNKQ2o1TnUwTG8xNVNXNEFJeTVrVk1XMjRBR1BTdmQ0c2toeno0V0ZQanNVZzBJR0wKR2g5UlZHNjVJVnNhL2xlck5Cek9lWTFNUi85Ui9Gd0hDVVZIZjg0QUR6M0kxU29Fenh3MDhxK0wvR0JNaDR2UQpUUXpwdnVWbGFmYjNlVmdtTjZ3K3YyVTJBWEFrdzlEbkxwNzNkSzFHWUV4bXZFdWFyZDZGZVRzYWlMSXd4Zk5HCmVJWTJOTllvT3RkczV2SmFFUWF5bXBoRElHZlhlenBJREtTYUdQRXJ2SlR1dFJ2MmxqNkYyZXB2bU1PUlZGREMKQy9pY09LN0E5amdjV0NMTmM2aTMrdG9TRzVyVUJkdkoyMlJYRlhJeVVwQUVCekcwMXpDVkovUHc1ekw0T1hKVwp1MmpXQUZFTVhNRWd4a2EzSEpKbnNabEpJMGswVm1YcVVoWDloVG5idnhYWEdIMkxFaFhmaVhlb2k2SjBUb1JHCnBxWXV2WXR3Z3NDcWQ3ckp5MXNOYjJEZTRRSURBUUFCbzBJd1FEQU9CZ05WSFE4QkFmOEVCQU1DQWdRd0R3WUQKVlIwVEFRSC9CQVV3QXdFQi96QWRCZ05WSFE0RUZnUVVYd0ZZUTgvZEE3ZXdZckJjODRwcEFUbmdXcmN3RFFZSgpLb1pJaHZjTkFRRUxCUUFEZ2dHQkFJRmtBTlVkM1o5RGh4YjdGMFBhQnBJM0FRcmtMQ2c0WitCc1NuTW0yYVVPClcrbXBSR0R0WnRUSytxR0V4QnNFQXdRTzlEbW80eUtKRE9UeC9xZjgzSFhsbm1JM1BWbWlzZ0xqZTRSTk14Mk8Kb3ZhZlVJNzhTN3J6ZDJKaDV4Ui8xNmM0S25oWHhzTHg4akV0dm1VTE8rU293SHZRRGs1RG1ySENZS3hobDd2RQpMMm0wbWtoaHozbThXektZV1VyaDdRY29makN1VDJYbE40Z3BVei9BSEZidERQek5vUk9OMXBYZW9pZkJvRlBsClBwbDlKckYrTkFnWnBBMkVVY3JPQ2FnNU1KLzd1amF3c3FWT2Fxck13dWk4NEltQ0J4bnRHN1liZ2ROVFZWRkIKaDJaWTgxOW1LZlRxcWdJRFFDZStQUm1FdlJuc3JjYXFNK01vK0dzMEZadUlqT1htOW5IS0sxd2tQejFUVDlNWQpHT0tUYzZaeTR6UHhJbmw5YTN5TTBWaEhjYUR6c1VHSVFrcXBmUjRBM2FlblBGQkVrRExuWnNEVzFES1BKL2hvCmx0SWlrYzNaZ1ptMDhEMjJ1cDZLTjRZYWhNdklKNHRJRFBRcDNsS0NtQzQ1NGtoMkw3OWFoUjVrMHlRcmt0NHAKUGh1aDZnYm8zMzdqZHNKVlgwUnZTQT09Ci0tLS0tRU5EIENFUlRJRklDQVRFLS0tLS0K"
              }
            ],
            "master_authorized_networks_config": [],
            "master_version": "1.25.8-gke.500",
            "min_master_version": null,
            "monitoring_config": [
              {
                "enable_components": [
                  "SYSTEM_COMPONENTS"
                ]
              }
            ],
            "monitoring_service": "monitoring.googleapis.com/kubernetes",
            "name": "cluster-1",
            "network": "projects/unique-provider-389800/global/networks/unique-provider-389800-1-vpc",
            "network_policy": [
              {
                "enabled": false,
                "provider": "PROVIDER_UNSPECIFIED"
              }
            ],
            "networking_mode": "ROUTES",
            "node_config": [
              {
                "boot_disk_kms_key": "",
                "disk_size_gb": 100,
                "disk_type": "pd-balanced",
                "gcfs_config": [],
                "guest_accelerator": [],
                "gvnic": [],
                "image_type": "COS_CONTAINERD",
                "labels": {
                  "env": "unique-provider-389800"
                },
                "local_ssd_count": 0,
                "machine_type": "n1-standard-1",
                "metadata": {
                  "disable-legacy-endpoints": "true"
                },
                "min_cpu_platform": "",
                "node_group": "",
                "oauth_scopes": [
                  "https://www.googleapis.com/auth/cloud-platform",
                  "https://www.googleapis.com/auth/devstorage.read_only",
                  "https://www.googleapis.com/auth/logging.write",
                  "https://www.googleapis.com/auth/monitoring"
                ],
                "preemptible": false,
                "service_account": "default",
                "shielded_instance_config": [
                  {
                    "enable_integrity_monitoring": true,
                    "enable_secure_boot": false
                  }
                ],
                "spot": false,
                "tags": [
                  "gke-node",
                  "unique-provider-389800-gke"
                ],
                "taint": [],
                "workload_metadata_config": []
              }
            ],
            "node_locations": [
              "us-central1-a",
              "us-central1-b",
              "us-central1-c"
            ],
            "node_pool": [
              {
                "autoscaling": [],
                "initial_node_count": 1,
                "instance_group_urls": [
                  "https://www.googleapis.com/compute/v1/projects/unique-provider-389800/zones/us-central1-c/instanceGroupManagers/gke-cluster-1-cluster-1-76fe3bad-grp",
                  "https://www.googleapis.com/compute/v1/projects/unique-provider-389800/zones/us-central1-b/instanceGroupManagers/gke-cluster-1-cluster-1-dabc1c70-grp",
                  "https://www.googleapis.com/compute/v1/projects/unique-provider-389800/zones/us-central1-a/instanceGroupManagers/gke-cluster-1-cluster-1-9e4450e7-grp"
                ],
                "managed_instance_group_urls": [
                  "https://www.googleapis.com/compute/v1/projects/unique-provider-389800/zones/us-central1-c/instanceGroups/gke-cluster-1-cluster-1-76fe3bad-grp",
                  "https://www.googleapis.com/compute/v1/projects/unique-provider-389800/zones/us-central1-b/instanceGroups/gke-cluster-1-cluster-1-dabc1c70-grp",
                  "https://www.googleapis.com/compute/v1/projects/unique-provider-389800/zones/us-central1-a/instanceGroups/gke-cluster-1-cluster-1-9e4450e7-grp"
                ],
                "management": [
                  {
                    "auto_repair": true,
                    "auto_upgrade": true
                  }
                ],
                "max_pods_per_node": 0,
                "name": "cluster-1",
                "name_prefix": "",
                "node_config": [
                  {
                    "boot_disk_kms_key": "",
                    "disk_size_gb": 100,
                    "disk_type": "pd-balanced",
                    "gcfs_config": [],
                    "guest_accelerator": [],
                    "gvnic": [],
                    "image_type": "COS_CONTAINERD",
                    "labels": {
                      "env": "unique-provider-389800"
                    },
                    "local_ssd_count": 0,
                    "machine_type": "n1-standard-1",
                    "metadata": {
                      "disable-legacy-endpoints": "true"
                    },
                    "min_cpu_platform": "",
                    "node_group": "",
                    "oauth_scopes": [
                      "https://www.googleapis.com/auth/cloud-platform",
                      "https://www.googleapis.com/auth/devstorage.read_only",
                      "https://www.googleapis.com/auth/logging.write",
                      "https://www.googleapis.com/auth/monitoring"
                    ],
                    "preemptible": false,
                    "service_account": "default",
                    "shielded_instance_config": [
                      {
                        "enable_integrity_monitoring": true,
                        "enable_secure_boot": false
                      }
                    ],
                    "spot": false,
                    "tags": [
                      "gke-node",
                      "unique-provider-389800-gke"
                    ],
                    "taint": [],
                    "workload_metadata_config": []
                  }
                ],
                "node_count": 1,
                "node_locations": [
                  "us-central1-a",
                  "us-central1-b",
                  "us-central1-c"
                ],
                "upgrade_settings": [
                  {
                    "max_surge": 1,
                    "max_unavailable": 0
                  }
                ],
                "version": "1.25.8-gke.500"
              }
            ],
            "node_version": "1.25.8-gke.500",
            "operation": null,
            "private_cluster_config": [
              {
                "enable_private_endpoint": false,
                "enable_private_nodes": false,
                "master_global_access_config": [
                  {
                    "enabled": false
                  }
                ],
                "master_ipv4_cidr_block": "",
                "peering_name": "",
                "private_endpoint": "10.10.0.16",
                "public_endpoint": "35.239.174.228"
              }
            ],
            "private_ipv6_google_access": "",
            "project": "unique-provider-389800",
            "release_channel": [
              {
                "channel": "REGULAR"
              }
            ],
            "remove_default_node_pool": true,
            "resource_labels": {},
            "resource_usage_export_config": [],
            "self_link": "https://container.googleapis.com/v1/projects/unique-provider-389800/locations/us-central1/clusters/cluster-1",
            "services_ipv4_cidr": "10.191.240.0/20",
            "subnetwork": "projects/unique-provider-389800/regions/us-central1/subnetworks/unique-provider-389800-1-subnet",
            "timeouts": null,
            "tpu_ipv4_cidr_block": "",
            "vertical_pod_autoscaling": [],
            "workload_identity_config": []
          },
          "sensitive_attributes": [],
          "private": "eyJlMmJmYjczMC1lY2FhLTExZTYtOGY4OC0zNDM2M2JjN2M0YzAiOnsiY3JlYXRlIjoyNDAwMDAwMDAwMDAwLCJkZWxldGUiOjI0MDAwMDAwMDAwMDAsInJlYWQiOjI0MDAwMDAwMDAwMDAsInVwZGF0ZSI6MzYwMDAwMDAwMDAwMH0sInNjaGVtYV92ZXJzaW9uIjoiMSJ9",
          "dependencies": [
            "google_compute_network.vpc",
            "google_compute_subnetwork.subnet"
          ]
        }
      ]
    },
    {
      "mode": "managed",
      "type": "google_container_node_pool",
      "name": "primary_nodes",
      "provider": "provider[\"registry.terraform.io/hashicorp/google\"]",
      "instances": [
        {
          "schema_version": 1,
          "attributes": {
            "autoscaling": [],
            "cluster": "cluster-1",
            "id": "projects/unique-provider-389800/locations/us-central1/clusters/cluster-1/nodePools/cluster-1",
            "initial_node_count": 1,
            "instance_group_urls": [
              "https://www.googleapis.com/compute/v1/projects/unique-provider-389800/zones/us-central1-c/instanceGroupManagers/gke-cluster-1-cluster-1-76fe3bad-grp",
              "https://www.googleapis.com/compute/v1/projects/unique-provider-389800/zones/us-central1-b/instanceGroupManagers/gke-cluster-1-cluster-1-dabc1c70-grp",
              "https://www.googleapis.com/compute/v1/projects/unique-provider-389800/zones/us-central1-a/instanceGroupManagers/gke-cluster-1-cluster-1-9e4450e7-grp"
            ],
            "location": "us-central1",
            "managed_instance_group_urls": [
              "https://www.googleapis.com/compute/v1/projects/unique-provider-389800/zones/us-central1-c/instanceGroups/gke-cluster-1-cluster-1-76fe3bad-grp",
              "https://www.googleapis.com/compute/v1/projects/unique-provider-389800/zones/us-central1-b/instanceGroups/gke-cluster-1-cluster-1-dabc1c70-grp",
              "https://www.googleapis.com/compute/v1/projects/unique-provider-389800/zones/us-central1-a/instanceGroups/gke-cluster-1-cluster-1-9e4450e7-grp"
            ],
            "management": [
              {
                "auto_repair": true,
                "auto_upgrade": true
              }
            ],
            "max_pods_per_node": null,
            "name": "cluster-1",
            "name_prefix": "",
            "node_config": [
              {
                "boot_disk_kms_key": "",
                "disk_size_gb": 100,
                "disk_type": "pd-balanced",
                "gcfs_config": [],
                "guest_accelerator": [],
                "gvnic": [],
                "image_type": "COS_CONTAINERD",
                "labels": {
                  "env": "unique-provider-389800"
                },
                "local_ssd_count": 0,
                "machine_type": "n1-standard-1",
                "metadata": {
                  "disable-legacy-endpoints": "true"
                },
                "min_cpu_platform": "",
                "node_group": "",
                "oauth_scopes": [
                  "https://www.googleapis.com/auth/cloud-platform",
                  "https://www.googleapis.com/auth/devstorage.read_only",
                  "https://www.googleapis.com/auth/logging.write",
                  "https://www.googleapis.com/auth/monitoring"
                ],
                "preemptible": false,
                "service_account": "default",
                "shielded_instance_config": [
                  {
                    "enable_integrity_monitoring": true,
                    "enable_secure_boot": false
                  }
                ],
                "spot": false,
                "tags": [
                  "gke-node",
                  "unique-provider-389800-gke"
                ],
                "taint": [],
                "workload_metadata_config": []
              }
            ],
            "node_count": 1,
            "node_locations": [
              "us-central1-a",
              "us-central1-b",
              "us-central1-c"
            ],
            "operation": null,
            "project": "unique-provider-389800",
            "timeouts": null,
            "upgrade_settings": [
              {
                "max_surge": 1,
                "max_unavailable": 0
              }
            ],
            "version": "1.25.8-gke.500"
          },
          "sensitive_attributes": [],
          "private": "eyJlMmJmYjczMC1lY2FhLTExZTYtOGY4OC0zNDM2M2JjN2M0YzAiOnsiY3JlYXRlIjoxODAwMDAwMDAwMDAwLCJkZWxldGUiOjE4MDAwMDAwMDAwMDAsInVwZGF0ZSI6MTgwMDAwMDAwMDAwMH0sInNjaGVtYV92ZXJzaW9uIjoiMSJ9",
          "dependencies": [
            "google_compute_network.vpc",
            "google_compute_subnetwork.subnet",
            "google_container_cluster.primary"
          ]
        }
      ]
    }
  ],
  "check_results": null
}
